
Microsoft Visual Studio Solution File, Format Version 12.00
# Visual Studio Version 16
VisualStudioVersion = 16.0.29509.3
MinimumVisualStudioVersion = 10.0.40219.1
Project("{FAE04EC0-301F-11D3-BF4B-00C04F79EFBC}") = "EmployeeRegistration", "EmployeeRegistration\EmployeeRegistration.csproj", "{8755639F-30D4-44B8-B9DF-A5E7638F5D80}"
EndProject
Project("{FAE04EC0-301F-11D3-BF4B-00C04F79EFBC}") = "EmployeeRegistration.BusinessLayer", "EmployeeRegistration.BusinessLayer\EmployeeRegistration.BusinessLayer.csproj", "{A7B4A890-9EB8-42D7-897E-7EE522047AC5}"
EndProject
Project("{FAE04EC0-301F-11D3-BF4B-00C04F79EFBC}") = "EmployeeRegistration.DataLayer", "EmployeeRegistration.DataLayer\EmployeeRegistration.DataLayer.csproj", "{0FB31E8B-2D1F-40CF-8236-5154DE374675}"
EndProject
Global
	GlobalSection(SolutionConfigurationPlatforms) = preSolution
		Debug|Any CPU = Debug|Any CPU
		Release|Any CPU = Release|Any CPU
	EndGlobalSection
	GlobalSection(ProjectConfigurationPlatforms) = postSolution
		{8755639F-30D4-44B8-B9DF-A5E7638F5D80}.Debug|Any CPU.ActiveCfg = Debug|Any CPU
		{8755639F-30D4-44B8-B9DF-A5E7638F5D80}.Debug|Any CPU.Build.0 = Debug|Any CPU
		{8755639F-30D4-44B8-B9DF-A5E7638F5D80}.Release|Any CPU.ActiveCfg = Release|Any CPU
		{8755639F-30D4-44B8-B9DF-A5E7638F5D80}.Release|Any CPU.Build.0 = Release|Any CPU
		{A7B4A890-9EB8-42D7-897E-7EE522047AC5}.Debug|Any CPU.ActiveCfg = Debug|Any CPU
		{A7B4A890-9EB8-42D7-897E-7EE522047AC5}.Debug|Any CPU.Build.0 = Debug|Any CPU
		{A7B4A890-9EB8-42D7-897E-7EE522047AC5}.Release|Any CPU.ActiveCfg = Release|Any CPU
		{A7B4A890-9EB8-42D7-897E-7EE522047AC5}.Release|Any CPU.Build.0 = Release|Any CPU
		{0FB31E8B-2D1F-40CF-8236-5154DE374675}.Debug|Any CPU.ActiveCfg = Debug|Any CPU
		{0FB31E8B-2D1F-40CF-8236-5154DE374675}.Debug|Any CPU.Build.0 = Debug|Any CPU
		{0FB31E8B-2D1F-40CF-8236-5154DE374675}.Release|Any CPU.ActiveCfg = Release|Any CPU
		{0FB31E8B-2D1F-40CF-8236-5154DE374675}.Release|Any CPU.Build.0 = Release|Any CPU
	EndGlobalSection
	GlobalSection(SolutionProperties) = preSolution
		HideSolutionNode = FALSE
	EndGlobalSection
	GlobalSection(ExtensibilityGlobals) = postSolution
		SolutionGuid = {43EBA012-A0D6-4571-B2CB-6FF2A9950D60}
	EndGlobalSection
EndGlobal
